// !$*UTF8*$!
{
	archiveVersion = 1;
	classes = {
	};
	objectVersion = 77;
	objects = {

/* Begin PBXBuildFile section */
		1F3FD6E956C7A7D0E0AB2533 /* APIClient.swift in Sources */ = {isa = PBXBuildFile; fileRef = 22741A1C13243F0EF6FB1DCA /* APIClient.swift */; };
		21325AB70F65602B9A7F0E45 /* Chomsky.ttf in Resources */ = {isa = PBXBuildFile; fileRef = ECE6564D0B6CD6334F4B4970 /* Chomsky.ttf */; };
		684C538EC4E5ACF11A95D82B /* CompleteEditionViews.swift in Sources */ = {isa = PBXBuildFile; fileRef = 6916063492C36AE470D4BB58 /* CompleteEditionViews.swift */; };
		752848C8AAA831FD62293C65 /* Assets.xcassets in Resources */ = {isa = PBXBuildFile; fileRef = 07AE3BCBA8FEA14B5F60814D /* Assets.xcassets */; };
		7675ABBF47C4A14C8911004B /* RootView.swift in Sources */ = {isa = PBXBuildFile; fileRef = 57FC83EC432FD631EC1C9656 /* RootView.swift */; };
		984E545BA3703CFB057BA036 /* AppDelegate.swift in Sources */ = {isa = PBXBuildFile; fileRef = 2C888EDB5AEC511200F74FDA /* AppDelegate.swift */; };
		A3DD4326C9234C7CA1B90001 /* SubscriptionStore.swift in Sources */ = {isa = PBXBuildFile; fileRef = A3DD4326C9234C7CA1B90002 /* SubscriptionStore.swift */; };
		C96195DA3F484EDC65C66395 /* TDSPApp.swift in Sources */ = {isa = PBXBuildFile; fileRef = 492D076541C8F9D22F155497 /* TDSPApp.swift */; };
		D1C5A627DDEDC3A07C831FF4 /* Models.swift in Sources */ = {isa = PBXBuildFile; fileRef = DC67770DAD8797C815C7FBF9 /* Models.swift */; };
		D80B7B81A2EAFE591E80D697 /* EditionStore.swift in Sources */ = {isa = PBXBuildFile; fileRef = EBF877CEE362BE6E9D59E8AE /* EditionStore.swift */; };
		E7BBF87F25FEBAA345FDA58C /* EditionDecodingTests.swift in Sources */ = {isa = PBXBuildFile; fileRef = 1F41E367D5162CF758DF804B /* EditionDecodingTests.swift */; };
		E7C2E1A98E97164D43374066 /* PrivacyInfo.xcprivacy in Resources */ = {isa = PBXBuildFile; fileRef = 758492C043BE4156C25AACCD /* PrivacyInfo.xcprivacy */; };
/* End PBXBuildFile section */

/* Begin PBXContainerItemProxy section */
		9C3FFCC6075FD78BEA25F301 /* PBXContainerItemProxy */ = {
			isa = PBXContainerItemProxy;
			containerPortal = 26E38E0652FD1C2B0109702E /* Project object */;
			proxyType = 1;
			remoteGlobalIDString = BEA0D72EB5BEB9AD8E2768DB;
			remoteInfo = TDSPApp;
		};
/* End PBXContainerItemProxy section */

/* Begin PBXFileReference section */
		07AE3BCBA8FEA14B5F60814D /* Assets.xcassets */ = {isa = PBXFileReference; lastKnownFileType = folder.assetcatalog; path = Assets.xcassets; sourceTree = "<group>"; };
		1F41E367D5162CF758DF804B /* EditionDecodingTests.swift */ = {isa = PBXFileReference; lastKnownFileType = sourcecode.swift; path = EditionDecodingTests.swift; sourceTree = "<group>"; };
		22741A1C13243F0EF6FB1DCA /* APIClient.swift */ = {isa = PBXFileReference; lastKnownFileType = sourcecode.swift; path = APIClient.swift; sourceTree = "<group>"; };
		2C888EDB5AEC511200F74FDA /* AppDelegate.swift */ = {isa = PBXFileReference; lastKnownFileType = sourcecode.swift; path = AppDelegate.swift; sourceTree = "<group>"; };
		2FF0816F40F5EF7DE552F0A5 /* TDSPAppTests.xctest */ = {isa = PBXFileReference; explicitFileType = wrapper.cfbundle; includeInIndex = 0; path = TDSPAppTests.xctest; sourceTree = BUILT_PRODUCTS_DIR; };
		492D076541C8F9D22F155497 /* TDSPApp.swift */ = {isa = PBXFileReference; lastKnownFileType = sourcecode.swift; path = TDSPApp.swift; sourceTree = "<group>"; };
		57FC83EC432FD631EC1C9656 /* RootView.swift */ = {isa = PBXFileReference; lastKnownFileType = sourcecode.swift; path = RootView.swift; sourceTree = "<group>"; };
		6916063492C36AE470D4BB58 /* CompleteEditionViews.swift */ = {isa = PBXFileReference; lastKnownFileType = sourcecode.swift; path = CompleteEditionViews.swift; sourceTree = "<group>"; };
		758492C043BE4156C25AACCD /* PrivacyInfo.xcprivacy */ = {isa = PBXFileReference; lastKnownFileType = text.xml; path = PrivacyInfo.xcprivacy; sourceTree = "<group>"; };
		A3DD4326C9234C7CA1B90002 /* SubscriptionStore.swift */ = {isa = PBXFileReference; lastKnownFileType = sourcecode.swift; path = SubscriptionStore.swift; sourceTree = "<group>"; };
		A994B50A67724ECECA9FD269 /* TDSPApp.app */ = {isa = PBXFileReference; explicitFileType = wrapper.application; includeInIndex = 0; path = TDSPApp.app; sourceTree = BUILT_PRODUCTS_DIR; };
		CB76CA32860A90163A076C30 /* TDSPApp.entitlements */ = {isa = PBXFileReference; lastKnownFileType = text.plist.entitlements; path = TDSPApp.entitlements; sourceTree = "<group>"; };
		DC67770DAD8797C815C7FBF9 /* Models.swift */ = {isa = PBXFileReference; lastKnownFileType = sourcecode.swift; path = Models.swift; sourceTree = "<group>"; };
		E12864F8ED9FBB6032414911 /* Info.plist */ = {isa = PBXFileReference; lastKnownFileType = text.plist; path = Info.plist; sourceTree = "<group>"; };
		EBF877CEE362BE6E9D59E8AE /* EditionStore.swift */ = {isa = PBXFileReference; lastKnownFileType = sourcecode.swift; path = EditionStore.swift; sourceTree = "<group>"; };
		ECE6564D0B6CD6334F4B4970 /* Chomsky.ttf */ = {isa = PBXFileReference; lastKnownFileType = file; path = Chomsky.ttf; sourceTree = "<group>"; };
/* End PBXFileReference section */

/* Begin PBXGroup section */
		6E69DC04F0ADB77E37AFFA17 /* Products */ = {
			isa = PBXGroup;
			children = (
				A994B50A67724ECECA9FD269 /* TDSPApp.app */,
				2FF0816F40F5EF7DE552F0A5 /* TDSPAppTests.xctest */,
			);
			name = Products;
			sourceTree = "<group>";
		};
		B03C9C190D89A40B13E523A1 /* TDSPAppTests */ = {
			isa = PBXGroup;
			children = (
				1F41E367D5162CF758DF804B /* EditionDecodingTests.swift */,
			);
			path = TDSPAppTests;
			sourceTree = "<group>";
		};
		F3C95FAFBED80C6B8BC223F2 = {
			isa = PBXGroup;
			children = (
				FBED2E5A6DB93A81921D8864 /* TDSPApp */,
				B03C9C190D89A40B13E523A1 /* TDSPAppTests */,
				6E69DC04F0ADB77E37AFFA17 /* Products */,
			);
			sourceTree = "<group>";
		};
		FBED2E5A6DB93A81921D8864 /* TDSPApp */ = {
			isa = PBXGroup;
			children = (
				22741A1C13243F0EF6FB1DCA /* APIClient.swift */,
				2C888EDB5AEC511200F74FDA /* AppDelegate.swift */,
				07AE3BCBA8FEA14B5F60814D /* Assets.xcassets */,
				ECE6564D0B6CD6334F4B4970 /* Chomsky.ttf */,
				6916063492C36AE470D4BB58 /* CompleteEditionViews.swift */,
				EBF877CEE362BE6E9D59E8AE /* EditionStore.swift */,
				E12864F8ED9FBB6032414911 /* Info.plist */,
				DC67770DAD8797C815C7FBF9 /* Models.swift */,
				758492C043BE4156C25AACCD /* PrivacyInfo.xcprivacy */,
				57FC83EC432FD631EC1C9656 /* RootView.swift */,
				A3DD4326C9234C7CA1B90002 /* SubscriptionStore.swift */,
				CB76CA32860A90163A076C30 /* TDSPApp.entitlements */,
				492D076541C8F9D22F155497 /* TDSPApp.swift */,
			);
			path = TDSPApp;
			sourceTree = "<group>";
		};
/* End PBXGroup section */

/* Begin PBXNativeTarget section */
		3B1AFBDF562FDBB75BA8BC82 /* TDSPAppTests */ = {
			isa = PBXNativeTarget;
			buildConfigurationList = B489B931811BA4F436984994 /* Build configuration list for PBXNativeTarget "TDSPAppTests" */;
			buildPhases = (
				110345F407294B07E0A5A18A /* Sources */,
			);
			buildRules = (
			);
			dependencies = (
				4ADB5110092269E1F8E0C0C6 /* PBXTargetDependency */,
			);
			name = TDSPAppTests;
			packageProductDependencies = (
			);
			productName = TDSPAppTests;
			productReference = 2FF0816F40F5EF7DE552F0A5 /* TDSPAppTests.xctest */;
			productType = "com.apple.product-type.bundle.unit-test";
		};
		BEA0D72EB5BEB9AD8E2768DB /* TDSPApp */ = {
			isa = PBXNativeTarget;
			buildConfigurationList = FBE4E99893152266C545EFD6 /* Build configuration list for PBXNativeTarget "TDSPApp" */;
			buildPhases = (
				D36673597FF41C7F172123E4 /* Sources */,
				C30BA9D20289BDD008D5EB77 /* Resources */,
			);
			buildRules = (
			);
			dependencies = (
			);
			name = TDSPApp;
			packageProductDependencies = (
			);
			productName = TDSPApp;
			productReference = A994B50A67724ECECA9FD269 /* TDSPApp.app */;
			productType = "com.apple.product-type.application";
		};
/* End PBXNativeTarget section */

/* Begin PBXProject section */
		26E38E0652FD1C2B0109702E /* Project object */ = {
			isa = PBXProject;
			attributes = {
				BuildIndependentTargetsInParallel = YES;
				LastUpgradeCheck = 2660;
				TargetAttributes = {
					3B1AFBDF562FDBB75BA8BC82 = {
						DevelopmentTeam = UN27MHU5SB;
						ProvisioningStyle = Automatic;
					};
					BEA0D72EB5BEB9AD8E2768DB = {
						DevelopmentTeam = UN27MHU5SB;
						ProvisioningStyle = Automatic;
					};
				};
			};
			buildConfigurationList = 09FDDC761BC2176EA5990967 /* Build configuration list for PBXProject "TDSPApp" */;
			developmentRegion = en;
			hasScannedForEncodings = 0;
			knownRegions = (
				Base,
				en,
			);
			mainGroup = F3C95FAFBED80C6B8BC223F2;
			minimizedProjectReferenceProxies = 1;
			preferredProjectObjectVersion = 77;
			productRefGroup = 6E69DC04F0ADB77E37AFFA17 /* Products */;
			projectDirPath = "";
			projectRoot = "";
			targets = (
				BEA0D72EB5BEB9AD8E2768DB /* TDSPApp */,
				3B1AFBDF562FDBB75BA8BC82 /* TDSPAppTests */,
			);
		};
/* End PBXProject section */

/* Begin PBXResourcesBuildPhase section */
		C30BA9D20289BDD008D5EB77 /* Resources */ = {
			isa = PBXResourcesBuildPhase;
			buildActionMask = 2147483647;
			files = (
				752848C8AAA831FD62293C65 /* Assets.xcassets in Resources */,
				21325AB70F65602B9A7F0E45 /* Chomsky.ttf in Resources */,
				E7C2E1A98E97164D43374066 /* PrivacyInfo.xcprivacy in Resources */,
			);
			runOnlyForDeploymentPostprocessing = 0;
		};
/* End PBXResourcesBuildPhase section */

/* Begin PBXSourcesBuildPhase section */
		110345F407294B07E0A5A18A /* Sources */ = {
			isa = PBXSourcesBuildPhase;
			buildActionMask = 2147483647;
			files = (
				E7BBF87F25FEBAA345FDA58C /* EditionDecodingTests.swift in Sources */,
			);
			runOnlyForDeploymentPostprocessing = 0;
		};
		D36673597FF41C7F172123E4 /* Sources */ = {
			isa = PBXSourcesBuildPhase;
			buildActionMask = 2147483647;
			files = (
				1F3FD6E956C7A7D0E0AB2533 /* APIClient.swift in Sources */,
				984E545BA3703CFB057BA036 /* AppDelegate.swift in Sources */,
				684C538EC4E5ACF11A95D82B /* CompleteEditionViews.swift in Sources */,
				D80B7B81A2EAFE591E80D697 /* EditionStore.swift in Sources */,
				D1C5A627DDEDC3A07C831FF4 /* Models.swift in Sources */,
				7675ABBF47C4A14C8911004B /* RootView.swift in Sources */,
				A3DD4326C9234C7CA1B90001 /* SubscriptionStore.swift in Sources */,
				C96195DA3F484EDC65C66395 /* TDSPApp.swift in Sources */,
			);
			runOnlyForDeploymentPostprocessing = 0;
		};
/* End PBXSourcesBuildPhase section */

/* Begin PBXTargetDependency section */
		4ADB5110092269E1F8E0C0C6 /* PBXTargetDependency */ = {
			isa = PBXTargetDependency;
			target = BEA0D72EB5BEB9AD8E2768DB /* TDSPApp */;
			targetProxy = 9C3FFCC6075FD78BEA25F301 /* PBXContainerItemProxy */;
		};
/* End PBXTargetDependency section */

/* Begin XCBuildConfiguration section */
		127339C9AC8EDC3E9BF9BD4A /* Release */ = {
			isa = XCBuildConfiguration;
			buildSettings = {
				ALWAYS_SEARCH_USER_PATHS = NO;
				CLANG_ANALYZER_NONNULL = YES;
				CLANG_ANALYZER_NUMBER_OBJECT_CONVERSION = YES_AGGRESSIVE;
				CLANG_CXX_LANGUAGE_STANDARD = "gnu++14";
				CLANG_CXX_LIBRARY = "libc++";
				CLANG_ENABLE_MODULES = YES;
				CLANG_ENABLE_OBJC_ARC = YES;
				CLANG_ENABLE_OBJC_WEAK = YES;
				CLANG_WARN_BLOCK_CAPTURE_AUTORELEASING = YES;
				CLANG_WARN_BOOL_CONVERSION = YES;
				CLANG_WARN_COMMA = YES;
				CLANG_WARN_CONSTANT_CONVERSION = YES;
				CLANG_WARN_DEPRECATED_OBJC_IMPLEMENTATIONS = YES;
				CLANG_WARN_DIRECT_OBJC_ISA_USAGE = YES_ERROR;
				CLANG_WARN_DOCUMENTATION_COMMENTS = YES;
				CLANG_WARN_EMPTY_BODY = YES;
				CLANG_WARN_ENUM_CONVERSION = YES;
				CLANG_WARN_INFINITE_RECURSION = YES;
				CLANG_WARN_INT_CONVERSION = YES;
				CLANG_WARN_NON_LITERAL_NULL_CONVERSION = YES;
				CLANG_WARN_OBJC_IMPLICIT_RETAIN_SELF = YES;
				CLANG_WARN_OBJC_LITERAL_CONVERSION = YES;
				CLANG_WARN_OBJC_ROOT_CLASS = YES_ERROR;
				CLANG_WARN_QUOTED_INCLUDE_IN_FRAMEWORK_HEADER = YES;
				CLANG_WARN_RANGE_LOOP_ANALYSIS = YES;
				CLANG_WARN_STRICT_PROTOTYPES = YES;
				CLANG_WARN_SUSPICIOUS_MOVE = YES;
				CLANG_WARN_UNGUARDED_AVAILABILITY = YES_AGGRESSIVE;
				CLANG_WARN_UNREACHABLE_CODE = YES;
				CLANG_WARN__DUPLICATE_METHOD_MATCH = YES;
				CODE_SIGN_STYLE = Automatic;
				COPY_PHASE_STRIP = NO;
				CURRENT_PROJECT_VERSION = 8;
				DEBUG_INFORMATION_FORMAT = "dwarf-with-dsym";
				DEVELOPMENT_TEAM = UN27MHU5SB;
				ENABLE_NS_ASSERTIONS = NO;
				ENABLE_STRICT_OBJC_MSGSEND = YES;
				ENABLE_USER_SCRIPT_SANDBOXING = YES;
				GCC_C_LANGUAGE_STANDARD = gnu11;
				GCC_NO_COMMON_BLOCKS = YES;
				GCC_WARN_64_TO_32_BIT_CONVERSION = YES;
				GCC_WARN_ABOUT_RETURN_TYPE = YES_ERROR;
				GCC_WARN_UNDECLARED_SELECTOR = YES;
				GCC_WARN_UNINITIALIZED_AUTOS = YES_AGGRESSIVE;
				GCC_WARN_UNUSED_FUNCTION = YES;
				GCC_WARN_UNUSED_VARIABLE = YES;
				IPHONEOS_DEPLOYMENT_TARGET = 17.0;
				MARKETING_VERSION = 1.0;
				MTL_ENABLE_DEBUG_INFO = NO;
				MTL_FAST_MATH = YES;
				PRODUCT_NAME = "$(TARGET_NAME)";
				SDKROOT = iphoneos;
				STRING_CATALOG_GENERATE_SYMBOLS = YES;
				SWIFT_COMPILATION_MODE = wholemodule;
				SWIFT_OPTIMIZATION_LEVEL = "-O";
				SWIFT_VERSION = 5.0;
			};
			name = Release;
		};
		273FE66D3208FB187DB6214C /* Release */ = {
			isa = XCBuildConfiguration;
			buildSettings = {
				ASSETCATALOG_COMPILER_APPICON_NAME = AppIcon;
				ASSETCATALOG_COMPILER_GLOBAL_ACCENT_COLOR_NAME = AccentColor;
				CODE_SIGN_ENTITLEMENTS = TDSPApp/TDSPApp.entitlements;
				CODE_SIGN_IDENTITY = "iPhone Developer";
				GENERATE_INFOPLIST_FILE = NO;
				INFOPLIST_FILE = TDSPApp/Info.plist;
				LD_RUNPATH_SEARCH_PATHS = (
					"$(inherited)",
					"@executable_path/Frameworks",
				);
				PRODUCT_BUNDLE_IDENTIFIER = com.thedailysportspage.app;
				PRODUCT_NAME = TDSPApp;
				SDKROOT = iphoneos;
				SUPPORTS_MACCATALYST = NO;
				TARGETED_DEVICE_FAMILY = "1,2";
			};
			name = Release;
		};
		36D6BEC1532194626C9E9E28 /* Debug */ = {
			isa = XCBuildConfiguration;
			buildSettings = {
				ALWAYS_SEARCH_USER_PATHS = NO;
				CLANG_ANALYZER_NONNULL = YES;
				CLANG_ANALYZER_NUMBER_OBJECT_CONVERSION = YES_AGGRESSIVE;
				CLANG_CXX_LANGUAGE_STANDARD = "gnu++14";
				CLANG_CXX_LIBRARY = "libc++";
				CLANG_ENABLE_MODULES = YES;
				CLANG_ENABLE_OBJC_ARC = YES;
				CLANG_ENABLE_OBJC_WEAK = YES;
				CLANG_WARN_BLOCK_CAPTURE_AUTORELEASING = YES;
				CLANG_WARN_BOOL_CONVERSION = YES;
				CLANG_WARN_COMMA = YES;
				CLANG_WARN_CONSTANT_CONVERSION = YES;
				CLANG_WARN_DEPRECATED_OBJC_IMPLEMENTATIONS = YES;
				CLANG_WARN_DIRECT_OBJC_ISA_USAGE = YES_ERROR;
				CLANG_WARN_DOCUMENTATION_COMMENTS = YES;
				CLANG_WARN_EMPTY_BODY = YES;
				CLANG_WARN_ENUM_CONVERSION = YES;
				CLANG_WARN_INFINITE_RECURSION = YES;
				CLANG_WARN_INT_CONVERSION = YES;
				CLANG_WARN_NON_LITERAL_NULL_CONVERSION = YES;
				CLANG_WARN_OBJC_IMPLICIT_RETAIN_SELF = YES;
				CLANG_WARN_OBJC_LITERAL_CONVERSION = YES;
				CLANG_WARN_OBJC_ROOT_CLASS = YES_ERROR;
				CLANG_WARN_QUOTED_INCLUDE_IN_FRAMEWORK_HEADER = YES;
				CLANG_WARN_RANGE_LOOP_ANALYSIS = YES;
				CLANG_WARN_STRICT_PROTOTYPES = YES;
				CLANG_WARN_SUSPICIOUS_MOVE = YES;
				CLANG_WARN_UNGUARDED_AVAILABILITY = YES_AGGRESSIVE;
				CLANG_WARN_UNREACHABLE_CODE = YES;
				CLANG_WARN__DUPLICATE_METHOD_MATCH = YES;
				CODE_SIGN_STYLE = Automatic;
				COPY_PHASE_STRIP = NO;
				CURRENT_PROJECT_VERSION = 8;
				DEBUG_INFORMATION_FORMAT = dwarf;
				DEVELOPMENT_TEAM = UN27MHU5SB;
				ENABLE_STRICT_OBJC_MSGSEND = YES;
				ENABLE_TESTABILITY = YES;
				ENABLE_USER_SCRIPT_SANDBOXING = YES;
				GCC_C_LANGUAGE_STANDARD = gnu11;
				GCC_DYNAMIC_NO_PIC = NO;
				GCC_NO_COMMON_BLOCKS = YES;
				GCC_OPTIMIZATION_LEVEL = 0;
				GCC_PREPROCESSOR_DEFINITIONS = (
					"$(inherited)",
					"DEBUG=1",
				);
				GCC_WARN_64_TO_32_BIT_CONVERSION = YES;
				GCC_WARN_ABOUT_RETURN_TYPE = YES_ERROR;
				GCC_WARN_UNDECLARED_SELECTOR = YES;
				GCC_WARN_UNINITIALIZED_AUTOS = YES_AGGRESSIVE;
				GCC_WARN_UNUSED_FUNCTION = YES;
				GCC_WARN_UNUSED_VARIABLE = YES;
				IPHONEOS_DEPLOYMENT_TARGET = 17.0;
				MARKETING_VERSION = 1.0;
				MTL_ENABLE_DEBUG_INFO = INCLUDE_SOURCE;
				MTL_FAST_MATH = YES;
				ONLY_ACTIVE_ARCH = YES;
				PRODUCT_NAME = "$(TARGET_NAME)";
				SDKROOT = iphoneos;
				STRING_CATALOG_GENERATE_SYMBOLS = YES;
				SWIFT_ACTIVE_COMPILATION_CONDITIONS = DEBUG;
				SWIFT_OPTIMIZATION_LEVEL = "-Onone";
				SWIFT_VERSION = 5.0;
			};
			name = Debug;
		};
		937161DFAD84B09FDBDA4BE6 /* Debug */ = {
			isa = XCBuildConfiguration;
			buildSettings = {
				BUNDLE_LOADER = "$(TEST_HOST)";
				GENERATE_INFOPLIST_FILE = YES;
				LD_RUNPATH_SEARCH_PATHS = (
					"$(inherited)",
					"@executable_path/Frameworks",
					"@loader_path/Frameworks",
				);
				PRODUCT_BUNDLE_IDENTIFIER = com.thedailysportspage.app.tests;
				SDKROOT = iphoneos;
				TARGETED_DEVICE_FAMILY = "1,2";
				TEST_HOST = "$(BUILT_PRODUCTS_DIR)/TDSPApp.app/TDSPApp";
			};
			name = Debug;
		};
		B96137AA349B55D3A3D9A7B0 /* Debug */ = {
			isa = XCBuildConfiguration;
			buildSettings = {
				ASSETCATALOG_COMPILER_APPICON_NAME = AppIcon;
				ASSETCATALOG_COMPILER_GLOBAL_ACCENT_COLOR_NAME = AccentColor;
				CODE_SIGN_ENTITLEMENTS = TDSPApp/TDSPApp.entitlements;
				CODE_SIGN_IDENTITY = "iPhone Developer";
				GENERATE_INFOPLIST_FILE = NO;
				INFOPLIST_FILE = TDSPApp/Info.plist;
				LD_RUNPATH_SEARCH_PATHS = (
					"$(inherited)",
					"@executable_path/Frameworks",
				);
				PRODUCT_BUNDLE_IDENTIFIER = com.thedailysportspage.app;
				PRODUCT_NAME = TDSPApp;
				SDKROOT = iphoneos;
				SUPPORTS_MACCATALYST = NO;
				TARGETED_DEVICE_FAMILY = "1,2";
			};
			name = Debug;
		};
		DC2AC2A7B54E40545BDB0EAC /* Release */ = {
			isa = XCBuildConfiguration;
			buildSettings = {
				BUNDLE_LOADER = "$(TEST_HOST)";
				GENERATE_INFOPLIST_FILE = YES;
				LD_RUNPATH_SEARCH_PATHS = (
					"$(inherited)",
					"@executable_path/Frameworks",
					"@loader_path/Frameworks",
				);
				PRODUCT_BUNDLE_IDENTIFIER = com.thedailysportspage.app.tests;
				SDKROOT = iphoneos;
				TARGETED_DEVICE_FAMILY = "1,2";
				TEST_HOST = "$(BUILT_PRODUCTS_DIR)/TDSPApp.app/TDSPApp";
			};
			name = Release;
		};
/* End XCBuildConfiguration section */

/* Begin XCConfigurationList section */
		09FDDC761BC2176EA5990967 /* Build configuration list for PBXProject "TDSPApp" */ = {
			isa = XCConfigurationList;
			buildConfigurations = (
				36D6BEC1532194626C9E9E28 /* Debug */,
				127339C9AC8EDC3E9BF9BD4A /* Release */,
			);
			defaultConfigurationIsVisible = 0;
			defaultConfigurationName = Debug;
		};
		B489B931811BA4F436984994 /* Build configuration list for PBXNativeTarget "TDSPAppTests" */ = {
			isa = XCConfigurationList;
			buildConfigurations = (
				937161DFAD84B09FDBDA4BE6 /* Debug */,
				DC2AC2A7B54E40545BDB0EAC /* Release */,
			);
			defaultConfigurationIsVisible = 0;
			defaultConfigurationName = Debug;
		};
		FBE4E99893152266C545EFD6 /* Build configuration list for PBXNativeTarget "TDSPApp" */ = {
			isa = XCConfigurationList;
			buildConfigurations = (
				B96137AA349B55D3A3D9A7B0 /* Debug */,
				273FE66D3208FB187DB6214C /* Release */,
			);
			defaultConfigurationIsVisible = 0;
			defaultConfigurationName = Debug;
		};
/* End XCConfigurationList section */
	};
	rootObject = 26E38E0652FD1C2B0109702E /* Project object */;
}
